
Microsoft Visual Studio Solution File, Format Version 12.00
# Visual Studio Version 16
VisualStudioVersion = 16.0.30611.23
MinimumVisualStudioVersion = 10.0.40219.1
Project("{FAE04EC0-301F-11D3-BF4B-00C04F79EFBC}") = "SeleniumWebDriver", "SeleniumWebDriver\SeleniumWebDriver.csproj", "{77D5FEE4-14D4-4A3A-A12A-6689F976EC9C}"
EndProject
Global
	GlobalSection(SolutionConfigurationPlatforms) = preSolution
		Debug|Any CPU = Debug|Any CPU
		Release|Any CPU = Release|Any CPU
	EndGlobalSection
	GlobalSection(ProjectConfigurationPlatforms) = postSolution
		{77D5FEE4-14D4-4A3A-A12A-6689F976EC9C}.Debug|Any CPU.ActiveCfg = Debug|Any CPU
		{77D5FEE4-14D4-4A3A-A12A-6689F976EC9C}.Debug|Any CPU.Build.0 = Debug|Any CPU
		{77D5FEE4-14D4-4A3A-A12A-6689F976EC9C}.Release|Any CPU.ActiveCfg = Release|Any CPU
		{77D5FEE4-14D4-4A3A-A12A-6689F976EC9C}.Release|Any CPU.Build.0 = Release|Any CPU
	EndGlobalSection
	GlobalSection(SolutionProperties) = preSolution
		HideSolutionNode = FALSE
	EndGlobalSection
	GlobalSection(ExtensibilityGlobals) = postSolution
		SolutionGuid = {951BF166-4FFB-479C-B994-7E3D8556B81E}
	EndGlobalSection
EndGlobal
